# This file is automatically @generated by Cargo.
# It is not intended for manual editing.
version = 3

[[package]]
name = "cfg-if"
version = "1.0.0"
source = "registry+https://github.com/rust-lang/crates.io-index"
checksum = "baf1de4339761588bc0619e3cbc0120ee582ebb74b53b4efbf79117bd2da40fd"

[[package]]
name = "garnish_data"
version = "0.1.0"
dependencies = [
 "garnish_traits",
]

[[package]]
name = "garnish_lang_compiler"
version = "0.1.0"
dependencies = [
 "garnish_data",
 "garnish_lang_runtime",
 "garnish_traits",
 "log",
]

[[package]]
name = "garnish_lang_runtime"
version = "0.0.1-alpha"
dependencies = [
 "garnish_traits",
 "log",
]

[[package]]
name = "garnish_traits"
version = "0.0.1-alpha"

[[package]]
name = "log"
version = "0.4.17"
source = "registry+https://github.com/rust-lang/crates.io-index"
checksum = "abb12e687cfb44aa40f41fc3978ef76448f9b6038cad6aef4259d3c095a2382e"
dependencies = [
 "cfg-if",
]

[[package]]
name = "test_processing"
version = "0.1.0"
dependencies = [
 "garnish_lang_compiler",
]
